{
    "_readme": [
        "This file locks the dependencies of your project to a known state",
        "Read more about it at https://getcomposer.org/doc/01-basic-usage.md#installing-dependencies",
        "This file is @generated automatically"
    ],
    "content-hash": "3f34e26ae372e764b1755d642a59568b",
    "packages": [
        {
            "name": "symfony/intl",
            "version": "v5.3.8",
            "source": {
                "type": "git",
                "url": "https://github.com/symfony/intl.git",
                "reference": "dc9e9cdefb52ff436ee27af6d9631e455d201a3d"
            },
            "dist": {
                "type": "zip",
                "url": "https://api.github.com/repos/symfony/intl/zipball/dc9e9cdefb52ff436ee27af6d9631e455d201a3d",
                "reference": "dc9e9cdefb52ff436ee27af6d9631e455d201a3d",
                "shasum": ""
            },
            "require": {
                "php": ">=7.2.5",
                "symfony/deprecation-contracts": "^2.1",
                "symfony/polyfill-php80": "^1.16"
            },
            "require-dev": {
                "symfony/filesystem": "^4.4|^5.0"
            },
            "type": "library",
            "autoload": {
                "psr-4": {
                    "Symfony\\Component\\Intl\\": ""
                },
                "classmap": [
                    "Resources/stubs"
                ],
                "files": [
                    "Resources/functions.php"
                ],
                "exclude-from-classmap": [
                    "/Tests/"
                ]
            },
            "notification-url": "https://packagist.org/downloads/",
            "license": [
                "MIT"
            ],
            "authors": [
                {
                    "name": "Bernhard Schussek",
                    "email": "bschussek@gmail.com"
                },
                {
                    "name": "Eriksen Costa",
                    "email": "eriksen.costa@infranology.com.br"
                },
                {
                    "name": "Igor Wiedler",
                    "email": "igor@wiedler.ch"
                },
                {
                    "name": "Symfony Community",
                    "homepage": "https://symfony.com/contributors"
                }
            ],
            "description": "Provides a PHP replacement layer for the C intl extension that includes additional data from the ICU library",
            "homepage": "https://symfony.com",
            "keywords": [
                "i18n",
                "icu",
                "internationalization",
                "intl",
                "l10n",
                "localization"
            ],
            "support": {
                "source": "https://github.com/symfony/intl/tree/v5.3.8"
            },
            "funding": [
                {
                    "url": "https://symfony.com/sponsor",
                    "type": "custom"
                },
                {
                    "url": "https://github.com/fabpot",
                    "type": "github"
                },
                {
                    "url": "https://tidelift.com/funding/github/packagist/symfony/symfony",
                    "type": "tidelift"
                }
            ],
            "time": "2021-09-14T15:57:41+00:00"
        }
    ],
    "packages-dev": [],
    "aliases": [],
    "minimum-stability": "stable",
    "stability-flags": [],
    "prefer-stable": false,
    "prefer-lowest": false,
    "platform": [],
    "platform-dev": [],
    "plugin-api-version": "2.1.0"
}
